// !$*UTF8*$!
{
	archiveVersion = 1;
	classes = {
	};
	objectVersion = 48;
	objects = {

/* Begin PBXBuildFile section */
		0608F8E3BB60313812AF33ED /* Pods_ShowerSong.framework in Frameworks */ = {isa = PBXBuildFile; fileRef = DF2647E5AF65B6991AA18591 /* Pods_ShowerSong.framework */; };
		AD7427E120611DEF001D5954 /* AppDelegate.swift in Sources */ = {isa = PBXBuildFile; fileRef = AD7427E020611DEF001D5954 /* AppDelegate.swift */; };
		AD7427E320611DEF001D5954 /* ViewController.swift in Sources */ = {isa = PBXBuildFile; fileRef = AD7427E220611DEF001D5954 /* ViewController.swift */; };
		AD7427E620611DEF001D5954 /* Main.storyboard in Resources */ = {isa = PBXBuildFile; fileRef = AD7427E420611DEF001D5954 /* Main.storyboard */; };
		AD7427E820611DEF001D5954 /* Assets.xcassets in Resources */ = {isa = PBXBuildFile; fileRef = AD7427E720611DEF001D5954 /* Assets.xcassets */; };
		AD7427EB20611DEF001D5954 /* LaunchScreen.storyboard in Resources */ = {isa = PBXBuildFile; fileRef = AD7427E920611DEF001D5954 /* LaunchScreen.storyboard */; };
		AD7427F52061299A001D5954 /* SpotifyAudioPlayback.framework in Frameworks */ = {isa = PBXBuildFile; fileRef = AD7427F22061299A001D5954 /* SpotifyAudioPlayback.framework */; };
		AD7427F62061299A001D5954 /* SpotifyMetadata.framework in Frameworks */ = {isa = PBXBuildFile; fileRef = AD7427F32061299A001D5954 /* SpotifyMetadata.framework */; };
		AD7427F72061299A001D5954 /* SpotifyAuthentication.framework in Frameworks */ = {isa = PBXBuildFile; fileRef = AD7427F42061299A001D5954 /* SpotifyAuthentication.framework */; };
		AD7427FB206129D2001D5954 /* BridgeViewController.m in Sources */ = {isa = PBXBuildFile; fileRef = AD7427FA206129D2001D5954 /* BridgeViewController.m */; };
		ADF4595C20E67E80003B819F /* Images.swift in Sources */ = {isa = PBXBuildFile; fileRef = ADF4594F20E67E7D003B819F /* Images.swift */; };
		ADF4595D20E67E80003B819F /* Album.swift in Sources */ = {isa = PBXBuildFile; fileRef = ADF4595020E67E7E003B819F /* Album.swift */; };
		ADF4595E20E67E80003B819F /* Track.swift in Sources */ = {isa = PBXBuildFile; fileRef = ADF4595120E67E7E003B819F /* Track.swift */; };
		ADF4595F20E67E80003B819F /* Tracks.swift in Sources */ = {isa = PBXBuildFile; fileRef = ADF4595220E67E7E003B819F /* Tracks.swift */; };
		ADF4596020E67E80003B819F /* Video_thumbnail.swift in Sources */ = {isa = PBXBuildFile; fileRef = ADF4595320E67E7E003B819F /* Video_thumbnail.swift */; };
		ADF4596120E67E80003B819F /* External_urls.swift in Sources */ = {isa = PBXBuildFile; fileRef = ADF4595420E67E7E003B819F /* External_urls.swift */; };
		ADF4596220E67E80003B819F /* Json4Swift_Base.swift in Sources */ = {isa = PBXBuildFile; fileRef = ADF4595520E67E7F003B819F /* Json4Swift_Base.swift */; };
		ADF4596320E67E80003B819F /* Items.swift in Sources */ = {isa = PBXBuildFile; fileRef = ADF4595620E67E7F003B819F /* Items.swift */; };
		ADF4596420E67E80003B819F /* Owner.swift in Sources */ = {isa = PBXBuildFile; fileRef = ADF4595720E67E7F003B819F /* Owner.swift */; };
		ADF4596520E67E80003B819F /* External_ids.swift in Sources */ = {isa = PBXBuildFile; fileRef = ADF4595820E67E7F003B819F /* External_ids.swift */; };
		ADF4596620E67E80003B819F /* Followers.swift in Sources */ = {isa = PBXBuildFile; fileRef = ADF4595920E67E80003B819F /* Followers.swift */; };
		ADF4596720E67E80003B819F /* Artists.swift in Sources */ = {isa = PBXBuildFile; fileRef = ADF4595A20E67E80003B819F /* Artists.swift */; };
		ADF4596820E67E80003B819F /* Added_by.swift in Sources */ = {isa = PBXBuildFile; fileRef = ADF4595B20E67E80003B819F /* Added_by.swift */; };
		ADF4596A20E680A6003B819F /* PlaylistCell.swift in Sources */ = {isa = PBXBuildFile; fileRef = ADF4596920E680A6003B819F /* PlaylistCell.swift */; };
		ADF4596C20E77F28003B819F /* SearchViewController.swift in Sources */ = {isa = PBXBuildFile; fileRef = ADF4596B20E77F28003B819F /* SearchViewController.swift */; };
/* End PBXBuildFile section */

/* Begin PBXFileReference section */
		43E45FE5261249B2C2C35179 /* Pods-ShowerSong.release.xcconfig */ = {isa = PBXFileReference; includeInIndex = 1; lastKnownFileType = text.xcconfig; name = "Pods-ShowerSong.release.xcconfig"; path = "Pods/Target Support Files/Pods-ShowerSong/Pods-ShowerSong.release.xcconfig"; sourceTree = "<group>"; };
		AD7427DD20611DEF001D5954 /* ShowerSong.app */ = {isa = PBXFileReference; explicitFileType = wrapper.application; includeInIndex = 0; path = ShowerSong.app; sourceTree = BUILT_PRODUCTS_DIR; };
		AD7427E020611DEF001D5954 /* AppDelegate.swift */ = {isa = PBXFileReference; lastKnownFileType = sourcecode.swift; path = AppDelegate.swift; sourceTree = "<group>"; };
		AD7427E220611DEF001D5954 /* ViewController.swift */ = {isa = PBXFileReference; lastKnownFileType = sourcecode.swift; path = ViewController.swift; sourceTree = "<group>"; };
		AD7427E520611DEF001D5954 /* Base */ = {isa = PBXFileReference; lastKnownFileType = file.storyboard; name = Base; path = Base.lproj/Main.storyboard; sourceTree = "<group>"; };
		AD7427E720611DEF001D5954 /* Assets.xcassets */ = {isa = PBXFileReference; lastKnownFileType = folder.assetcatalog; path = Assets.xcassets; sourceTree = "<group>"; };
		AD7427EA20611DEF001D5954 /* Base */ = {isa = PBXFileReference; lastKnownFileType = file.storyboard; name = Base; path = Base.lproj/LaunchScreen.storyboard; sourceTree = "<group>"; };
		AD7427EC20611DEF001D5954 /* Info.plist */ = {isa = PBXFileReference; lastKnownFileType = text.plist.xml; path = Info.plist; sourceTree = "<group>"; };
		AD7427F22061299A001D5954 /* SpotifyAudioPlayback.framework */ = {isa = PBXFileReference; lastKnownFileType = wrapper.framework; path = SpotifyAudioPlayback.framework; sourceTree = "<group>"; };
		AD7427F32061299A001D5954 /* SpotifyMetadata.framework */ = {isa = PBXFileReference; lastKnownFileType = wrapper.framework; path = SpotifyMetadata.framework; sourceTree = "<group>"; };
		AD7427F42061299A001D5954 /* SpotifyAuthentication.framework */ = {isa = PBXFileReference; lastKnownFileType = wrapper.framework; path = SpotifyAuthentication.framework; sourceTree = "<group>"; };
		AD7427F8206129D1001D5954 /* ShowerSong-Bridging-Header.h */ = {isa = PBXFileReference; lastKnownFileType = sourcecode.c.h; path = "ShowerSong-Bridging-Header.h"; sourceTree = "<group>"; };
		AD7427F9206129D2001D5954 /* BridgeViewController.h */ = {isa = PBXFileReference; lastKnownFileType = sourcecode.c.h; path = BridgeViewController.h; sourceTree = "<group>"; };
		AD7427FA206129D2001D5954 /* BridgeViewController.m */ = {isa = PBXFileReference; lastKnownFileType = sourcecode.c.objc; path = BridgeViewController.m; sourceTree = "<group>"; };
		ADF4594F20E67E7D003B819F /* Images.swift */ = {isa = PBXFileReference; fileEncoding = 4; lastKnownFileType = sourcecode.swift; path = Images.swift; sourceTree = "<group>"; };
		ADF4595020E67E7E003B819F /* Album.swift */ = {isa = PBXFileReference; fileEncoding = 4; lastKnownFileType = sourcecode.swift; path = Album.swift; sourceTree = "<group>"; };
		ADF4595120E67E7E003B819F /* Track.swift */ = {isa = PBXFileReference; fileEncoding = 4; lastKnownFileType = sourcecode.swift; path = Track.swift; sourceTree = "<group>"; };
		ADF4595220E67E7E003B819F /* Tracks.swift */ = {isa = PBXFileReference; fileEncoding = 4; lastKnownFileType = sourcecode.swift; path = Tracks.swift; sourceTree = "<group>"; };
		ADF4595320E67E7E003B819F /* Video_thumbnail.swift */ = {isa = PBXFileReference; fileEncoding = 4; lastKnownFileType = sourcecode.swift; path = Video_thumbnail.swift; sourceTree = "<group>"; };
		ADF4595420E67E7E003B819F /* External_urls.swift */ = {isa = PBXFileReference; fileEncoding = 4; lastKnownFileType = sourcecode.swift; path = External_urls.swift; sourceTree = "<group>"; };
		ADF4595520E67E7F003B819F /* Json4Swift_Base.swift */ = {isa = PBXFileReference; fileEncoding = 4; lastKnownFileType = sourcecode.swift; path = Json4Swift_Base.swift; sourceTree = "<group>"; };
		ADF4595620E67E7F003B819F /* Items.swift */ = {isa = PBXFileReference; fileEncoding = 4; lastKnownFileType = sourcecode.swift; path = Items.swift; sourceTree = "<group>"; };
		ADF4595720E67E7F003B819F /* Owner.swift */ = {isa = PBXFileReference; fileEncoding = 4; lastKnownFileType = sourcecode.swift; path = Owner.swift; sourceTree = "<group>"; };
		ADF4595820E67E7F003B819F /* External_ids.swift */ = {isa = PBXFileReference; fileEncoding = 4; lastKnownFileType = sourcecode.swift; path = External_ids.swift; sourceTree = "<group>"; };
		ADF4595920E67E80003B819F /* Followers.swift */ = {isa = PBXFileReference; fileEncoding = 4; lastKnownFileType = sourcecode.swift; path = Followers.swift; sourceTree = "<group>"; };
		ADF4595A20E67E80003B819F /* Artists.swift */ = {isa = PBXFileReference; fileEncoding = 4; lastKnownFileType = sourcecode.swift; path = Artists.swift; sourceTree = "<group>"; };
		ADF4595B20E67E80003B819F /* Added_by.swift */ = {isa = PBXFileReference; fileEncoding = 4; lastKnownFileType = sourcecode.swift; path = Added_by.swift; sourceTree = "<group>"; };
		ADF4596920E680A6003B819F /* PlaylistCell.swift */ = {isa = PBXFileReference; lastKnownFileType = sourcecode.swift; path = PlaylistCell.swift; sourceTree = "<group>"; };
		ADF4596B20E77F28003B819F /* SearchViewController.swift */ = {isa = PBXFileReference; lastKnownFileType = sourcecode.swift; path = SearchViewController.swift; sourceTree = "<group>"; };
		DF2647E5AF65B6991AA18591 /* Pods_ShowerSong.framework */ = {isa = PBXFileReference; explicitFileType = wrapper.framework; includeInIndex = 0; path = Pods_ShowerSong.framework; sourceTree = BUILT_PRODUCTS_DIR; };
		FF604314A828D708B3819CEF /* Pods-ShowerSong.debug.xcconfig */ = {isa = PBXFileReference; includeInIndex = 1; lastKnownFileType = text.xcconfig; name = "Pods-ShowerSong.debug.xcconfig"; path = "Pods/Target Support Files/Pods-ShowerSong/Pods-ShowerSong.debug.xcconfig"; sourceTree = "<group>"; };
/* End PBXFileReference section */

/* Begin PBXFrameworksBuildPhase section */
		AD7427DA20611DEF001D5954 /* Frameworks */ = {
			isa = PBXFrameworksBuildPhase;
			buildActionMask = 2147483647;
			files = (
				AD7427F62061299A001D5954 /* SpotifyMetadata.framework in Frameworks */,
				AD7427F72061299A001D5954 /* SpotifyAuthentication.framework in Frameworks */,
				AD7427F52061299A001D5954 /* SpotifyAudioPlayback.framework in Frameworks */,
				0608F8E3BB60313812AF33ED /* Pods_ShowerSong.framework in Frameworks */,
			);
			runOnlyForDeploymentPostprocessing = 0;
		};
/* End PBXFrameworksBuildPhase section */

/* Begin PBXGroup section */
		4D3AB0AFF88B059369A4A31A /* Pods */ = {
			isa = PBXGroup;
			children = (
				FF604314A828D708B3819CEF /* Pods-ShowerSong.debug.xcconfig */,
				43E45FE5261249B2C2C35179 /* Pods-ShowerSong.release.xcconfig */,
			);
			name = Pods;
			sourceTree = "<group>";
		};
		AD7427D420611DEF001D5954 = {
			isa = PBXGroup;
			children = (
				AD7427F9206129D2001D5954 /* BridgeViewController.h */,
				AD7427FA206129D2001D5954 /* BridgeViewController.m */,
				AD7427DF20611DEF001D5954 /* ShowerSong */,
				AD7427DE20611DEF001D5954 /* Products */,
				AD7427F8206129D1001D5954 /* ShowerSong-Bridging-Header.h */,
				4D3AB0AFF88B059369A4A31A /* Pods */,
				C015A23049E20E8FA0E2D242 /* Frameworks */,
			);
			sourceTree = "<group>";
		};
		AD7427DE20611DEF001D5954 /* Products */ = {
			isa = PBXGroup;
			children = (
				AD7427DD20611DEF001D5954 /* ShowerSong.app */,
			);
			name = Products;
			sourceTree = "<group>";
		};
		AD7427DF20611DEF001D5954 /* ShowerSong */ = {
			isa = PBXGroup;
			children = (
				ADF4594E20E67E75003B819F /* Models */,
				AD7427F22061299A001D5954 /* SpotifyAudioPlayback.framework */,
				AD7427F42061299A001D5954 /* SpotifyAuthentication.framework */,
				AD7427F32061299A001D5954 /* SpotifyMetadata.framework */,
				AD7427E020611DEF001D5954 /* AppDelegate.swift */,
				AD7427E220611DEF001D5954 /* ViewController.swift */,
				ADF4596B20E77F28003B819F /* SearchViewController.swift */,
				ADF4596920E680A6003B819F /* PlaylistCell.swift */,
				AD7427E420611DEF001D5954 /* Main.storyboard */,
				AD7427E720611DEF001D5954 /* Assets.xcassets */,
				AD7427E920611DEF001D5954 /* LaunchScreen.storyboard */,
				AD7427EC20611DEF001D5954 /* Info.plist */,
			);
			path = ShowerSong;
			sourceTree = "<group>";
		};
		ADF4594E20E67E75003B819F /* Models */ = {
			isa = PBXGroup;
			children = (
				ADF4595B20E67E80003B819F /* Added_by.swift */,
				ADF4595020E67E7E003B819F /* Album.swift */,
				ADF4595A20E67E80003B819F /* Artists.swift */,
				ADF4595820E67E7F003B819F /* External_ids.swift */,
				ADF4595420E67E7E003B819F /* External_urls.swift */,
				ADF4595920E67E80003B819F /* Followers.swift */,
				ADF4594F20E67E7D003B819F /* Images.swift */,
				ADF4595620E67E7F003B819F /* Items.swift */,
				ADF4595520E67E7F003B819F /* Json4Swift_Base.swift */,
				ADF4595720E67E7F003B819F /* Owner.swift */,
				ADF4595120E67E7E003B819F /* Track.swift */,
				ADF4595220E67E7E003B819F /* Tracks.swift */,
				ADF4595320E67E7E003B819F /* Video_thumbnail.swift */,
			);
			path = Models;
			sourceTree = "<group>";
		};
		C015A23049E20E8FA0E2D242 /* Frameworks */ = {
			isa = PBXGroup;
			children = (
				DF2647E5AF65B6991AA18591 /* Pods_ShowerSong.framework */,
			);
			name = Frameworks;
			sourceTree = "<group>";
		};
/* End PBXGroup section */

/* Begin PBXNativeTarget section */
		AD7427DC20611DEF001D5954 /* ShowerSong */ = {
			isa = PBXNativeTarget;
			buildConfigurationList = AD7427EF20611DEF001D5954 /* Build configuration list for PBXNativeTarget "ShowerSong" */;
			buildPhases = (
				82A6C3DFAE30284B06372F46 /* [CP] Check Pods Manifest.lock */,
				AD7427D920611DEF001D5954 /* Sources */,
				AD7427DA20611DEF001D5954 /* Frameworks */,
				AD7427DB20611DEF001D5954 /* Resources */,
				142C4787A318A481FE99F309 /* [CP] Embed Pods Frameworks */,
				F45E4F4A4A5E7E621D959A87 /* [CP] Copy Pods Resources */,
			);
			buildRules = (
			);
			dependencies = (
			);
			name = ShowerSong;
			productName = ShowerSong;
			productReference = AD7427DD20611DEF001D5954 /* ShowerSong.app */;
			productType = "com.apple.product-type.application";
		};
/* End PBXNativeTarget section */

/* Begin PBXProject section */
		AD7427D520611DEF001D5954 /* Project object */ = {
			isa = PBXProject;
			attributes = {
				LastSwiftUpdateCheck = 0920;
				LastUpgradeCheck = 0920;
				ORGANIZATIONNAME = "Alexandre Ménielle";
				TargetAttributes = {
					AD7427DC20611DEF001D5954 = {
						CreatedOnToolsVersion = 9.2;
						LastSwiftMigration = 0920;
						ProvisioningStyle = Automatic;
						SystemCapabilities = {
							com.apple.BackgroundModes = {
								enabled = 1;
							};
						};
					};
				};
			};
			buildConfigurationList = AD7427D820611DEF001D5954 /* Build configuration list for PBXProject "ShowerSong" */;
			compatibilityVersion = "Xcode 8.0";
			developmentRegion = en;
			hasScannedForEncodings = 0;
			knownRegions = (
				en,
				Base,
			);
			mainGroup = AD7427D420611DEF001D5954;
			productRefGroup = AD7427DE20611DEF001D5954 /* Products */;
			projectDirPath = "";
			projectRoot = "";
			targets = (
				AD7427DC20611DEF001D5954 /* ShowerSong */,
			);
		};
/* End PBXProject section */

/* Begin PBXResourcesBuildPhase section */
		AD7427DB20611DEF001D5954 /* Resources */ = {
			isa = PBXResourcesBuildPhase;
			buildActionMask = 2147483647;
			files = (
				AD7427EB20611DEF001D5954 /* LaunchScreen.storyboard in Resources */,
				AD7427E820611DEF001D5954 /* Assets.xcassets in Resources */,
				AD7427E620611DEF001D5954 /* Main.storyboard in Resources */,
			);
			runOnlyForDeploymentPostprocessing = 0;
		};
/* End PBXResourcesBuildPhase section */

/* Begin PBXShellScriptBuildPhase section */
		142C4787A318A481FE99F309 /* [CP] Embed Pods Frameworks */ = {
			isa = PBXShellScriptBuildPhase;
			buildActionMask = 2147483647;
			files = (
			);
			inputPaths = (
				"${SRCROOT}/Pods/Target Support Files/Pods-ShowerSong/Pods-ShowerSong-frameworks.sh",
				"${BUILT_PRODUCTS_DIR}/Alamofire/Alamofire.framework",
				"${BUILT_PRODUCTS_DIR}/CocoaAsyncSocket/CocoaAsyncSocket.framework",
				"${BUILT_PRODUCTS_DIR}/CocoaMQTT/CocoaMQTT.framework",
				"${BUILT_PRODUCTS_DIR}/SwiftyTimer/SwiftyTimer.framework",
			);
			name = "[CP] Embed Pods Frameworks";
			outputPaths = (
				"${TARGET_BUILD_DIR}/${FRAMEWORKS_FOLDER_PATH}/Alamofire.framework",
				"${TARGET_BUILD_DIR}/${FRAMEWORKS_FOLDER_PATH}/CocoaAsyncSocket.framework",
				"${TARGET_BUILD_DIR}/${FRAMEWORKS_FOLDER_PATH}/CocoaMQTT.framework",
				"${TARGET_BUILD_DIR}/${FRAMEWORKS_FOLDER_PATH}/SwiftyTimer.framework",
			);
			runOnlyForDeploymentPostprocessing = 0;
			shellPath = /bin/sh;
			shellScript = "\"${SRCROOT}/Pods/Target Support Files/Pods-ShowerSong/Pods-ShowerSong-frameworks.sh\"\n";
			showEnvVarsInLog = 0;
		};
		82A6C3DFAE30284B06372F46 /* [CP] Check Pods Manifest.lock */ = {
			isa = PBXShellScriptBuildPhase;
			buildActionMask = 2147483647;
			files = (
			);
			inputPaths = (
				"${PODS_PODFILE_DIR_PATH}/Podfile.lock",
				"${PODS_ROOT}/Manifest.lock",
			);
			name = "[CP] Check Pods Manifest.lock";
			outputPaths = (
				"$(DERIVED_FILE_DIR)/Pods-ShowerSong-checkManifestLockResult.txt",
			);
			runOnlyForDeploymentPostprocessing = 0;
			shellPath = /bin/sh;
			shellScript = "diff \"${PODS_PODFILE_DIR_PATH}/Podfile.lock\" \"${PODS_ROOT}/Manifest.lock\" > /dev/null\nif [ $? != 0 ] ; then\n    # print error to STDERR\n    echo \"error: The sandbox is not in sync with the Podfile.lock. Run 'pod install' or update your CocoaPods installation.\" >&2\n    exit 1\nfi\n# This output is used by Xcode 'outputs' to avoid re-running this script phase.\necho \"SUCCESS\" > \"${SCRIPT_OUTPUT_FILE_0}\"\n";
			showEnvVarsInLog = 0;
		};
		F45E4F4A4A5E7E621D959A87 /* [CP] Copy Pods Resources */ = {
			isa = PBXShellScriptBuildPhase;
			buildActionMask = 2147483647;
			files = (
			);
			inputPaths = (
			);
			name = "[CP] Copy Pods Resources";
			outputPaths = (
			);
			runOnlyForDeploymentPostprocessing = 0;
			shellPath = /bin/sh;
			shellScript = "\"${SRCROOT}/Pods/Target Support Files/Pods-ShowerSong/Pods-ShowerSong-resources.sh\"\n";
			showEnvVarsInLog = 0;
		};
/* End PBXShellScriptBuildPhase section */

/* Begin PBXSourcesBuildPhase section */
		AD7427D920611DEF001D5954 /* Sources */ = {
			isa = PBXSourcesBuildPhase;
			buildActionMask = 2147483647;
			files = (
				ADF4596120E67E80003B819F /* External_urls.swift in Sources */,
				ADF4596620E67E80003B819F /* Followers.swift in Sources */,
				ADF4596720E67E80003B819F /* Artists.swift in Sources */,
				ADF4596420E67E80003B819F /* Owner.swift in Sources */,
				AD7427FB206129D2001D5954 /* BridgeViewController.m in Sources */,
				ADF4596820E67E80003B819F /* Added_by.swift in Sources */,
				ADF4596520E67E80003B819F /* External_ids.swift in Sources */,
				ADF4595C20E67E80003B819F /* Images.swift in Sources */,
				ADF4596220E67E80003B819F /* Json4Swift_Base.swift in Sources */,
				ADF4596020E67E80003B819F /* Video_thumbnail.swift in Sources */,
				ADF4596320E67E80003B819F /* Items.swift in Sources */,
				AD7427E320611DEF001D5954 /* ViewController.swift in Sources */,
				ADF4596C20E77F28003B819F /* SearchViewController.swift in Sources */,
				AD7427E120611DEF001D5954 /* AppDelegate.swift in Sources */,
				ADF4596A20E680A6003B819F /* PlaylistCell.swift in Sources */,
				ADF4595D20E67E80003B819F /* Album.swift in Sources */,
				ADF4595E20E67E80003B819F /* Track.swift in Sources */,
				ADF4595F20E67E80003B819F /* Tracks.swift in Sources */,
			);
			runOnlyForDeploymentPostprocessing = 0;
		};
/* End PBXSourcesBuildPhase section */

/* Begin PBXVariantGroup section */
		AD7427E420611DEF001D5954 /* Main.storyboard */ = {
			isa = PBXVariantGroup;
			children = (
				AD7427E520611DEF001D5954 /* Base */,
			);
			name = Main.storyboard;
			sourceTree = "<group>";
		};
		AD7427E920611DEF001D5954 /* LaunchScreen.storyboard */ = {
			isa = PBXVariantGroup;
			children = (
				AD7427EA20611DEF001D5954 /* Base */,
			);
			name = LaunchScreen.storyboard;
			sourceTree = "<group>";
		};
/* End PBXVariantGroup section */

/* Begin XCBuildConfiguration section */
		AD7427ED20611DEF001D5954 /* Debug */ = {
			isa = XCBuildConfiguration;
			buildSettings = {
				ALWAYS_SEARCH_USER_PATHS = NO;
				CLANG_ANALYZER_NONNULL = YES;
				CLANG_ANALYZER_NUMBER_OBJECT_CONVERSION = YES_AGGRESSIVE;
				CLANG_CXX_LANGUAGE_STANDARD = "gnu++14";
				CLANG_CXX_LIBRARY = "libc++";
				CLANG_ENABLE_MODULES = YES;
				CLANG_ENABLE_OBJC_ARC = YES;
				CLANG_WARN_BLOCK_CAPTURE_AUTORELEASING = YES;
				CLANG_WARN_BOOL_CONVERSION = YES;
				CLANG_WARN_COMMA = YES;
				CLANG_WARN_CONSTANT_CONVERSION = YES;
				CLANG_WARN_DIRECT_OBJC_ISA_USAGE = YES_ERROR;
				CLANG_WARN_DOCUMENTATION_COMMENTS = YES;
				CLANG_WARN_EMPTY_BODY = YES;
				CLANG_WARN_ENUM_CONVERSION = YES;
				CLANG_WARN_INFINITE_RECURSION = YES;
				CLANG_WARN_INT_CONVERSION = YES;
				CLANG_WARN_NON_LITERAL_NULL_CONVERSION = YES;
				CLANG_WARN_OBJC_LITERAL_CONVERSION = YES;
				CLANG_WARN_OBJC_ROOT_CLASS = YES_ERROR;
				CLANG_WARN_RANGE_LOOP_ANALYSIS = YES;
				CLANG_WARN_STRICT_PROTOTYPES = YES;
				CLANG_WARN_SUSPICIOUS_MOVE = YES;
				CLANG_WARN_UNGUARDED_AVAILABILITY = YES_AGGRESSIVE;
				CLANG_WARN_UNREACHABLE_CODE = YES;
				CLANG_WARN__DUPLICATE_METHOD_MATCH = YES;
				CODE_SIGN_IDENTITY = "iPhone Developer";
				COPY_PHASE_STRIP = NO;
				DEBUG_INFORMATION_FORMAT = dwarf;
				ENABLE_STRICT_OBJC_MSGSEND = YES;
				ENABLE_TESTABILITY = YES;
				GCC_C_LANGUAGE_STANDARD = gnu11;
				GCC_DYNAMIC_NO_PIC = NO;
				GCC_NO_COMMON_BLOCKS = YES;
				GCC_OPTIMIZATION_LEVEL = 0;
				GCC_PREPROCESSOR_DEFINITIONS = (
					"DEBUG=1",
					"$(inherited)",
				);
				GCC_WARN_64_TO_32_BIT_CONVERSION = YES;
				GCC_WARN_ABOUT_RETURN_TYPE = YES_ERROR;
				GCC_WARN_UNDECLARED_SELECTOR = YES;
				GCC_WARN_UNINITIALIZED_AUTOS = YES_AGGRESSIVE;
				GCC_WARN_UNUSED_FUNCTION = YES;
				GCC_WARN_UNUSED_VARIABLE = YES;
				IPHONEOS_DEPLOYMENT_TARGET = 10.3;
				MTL_ENABLE_DEBUG_INFO = YES;
				ONLY_ACTIVE_ARCH = YES;
				SDKROOT = iphoneos;
				SWIFT_ACTIVE_COMPILATION_CONDITIONS = DEBUG;
				SWIFT_OPTIMIZATION_LEVEL = "-Onone";
			};
			name = Debug;
		};
		AD7427EE20611DEF001D5954 /* Release */ = {
			isa = XCBuildConfiguration;
			buildSettings = {
				ALWAYS_SEARCH_USER_PATHS = NO;
				CLANG_ANALYZER_NONNULL = YES;
				CLANG_ANALYZER_NUMBER_OBJECT_CONVERSION = YES_AGGRESSIVE;
				CLANG_CXX_LANGUAGE_STANDARD = "gnu++14";
				CLANG_CXX_LIBRARY = "libc++";
				CLANG_ENABLE_MODULES = YES;
				CLANG_ENABLE_OBJC_ARC = YES;
				CLANG_WARN_BLOCK_CAPTURE_AUTORELEASING = YES;
				CLANG_WARN_BOOL_CONVERSION = YES;
				CLANG_WARN_COMMA = YES;
				CLANG_WARN_CONSTANT_CONVERSION = YES;
				CLANG_WARN_DIRECT_OBJC_ISA_USAGE = YES_ERROR;
				CLANG_WARN_DOCUMENTATION_COMMENTS = YES;
				CLANG_WARN_EMPTY_BODY = YES;
				CLANG_WARN_ENUM_CONVERSION = YES;
				CLANG_WARN_INFINITE_RECURSION = YES;
				CLANG_WARN_INT_CONVERSION = YES;
				CLANG_WARN_NON_LITERAL_NULL_CONVERSION = YES;
				CLANG_WARN_OBJC_LITERAL_CONVERSION = YES;
				CLANG_WARN_OBJC_ROOT_CLASS = YES_ERROR;
				CLANG_WARN_RANGE_LOOP_ANALYSIS = YES;
				CLANG_WARN_STRICT_PROTOTYPES = YES;
				CLANG_WARN_SUSPICIOUS_MOVE = YES;
				CLANG_WARN_UNGUARDED_AVAILABILITY = YES_AGGRESSIVE;
				CLANG_WARN_UNREACHABLE_CODE = YES;
				CLANG_WARN__DUPLICATE_METHOD_MATCH = YES;
				CODE_SIGN_IDENTITY = "iPhone Developer";
				COPY_PHASE_STRIP = NO;
				DEBUG_INFORMATION_FORMAT = "dwarf-with-dsym";
				ENABLE_NS_ASSERTIONS = NO;
				ENABLE_STRICT_OBJC_MSGSEND = YES;
				GCC_C_LANGUAGE_STANDARD = gnu11;
				GCC_NO_COMMON_BLOCKS = YES;
				GCC_WARN_64_TO_32_BIT_CONVERSION = YES;
				GCC_WARN_ABOUT_RETURN_TYPE = YES_ERROR;
				GCC_WARN_UNDECLARED_SELECTOR = YES;
				GCC_WARN_UNINITIALIZED_AUTOS = YES_AGGRESSIVE;
				GCC_WARN_UNUSED_FUNCTION = YES;
				GCC_WARN_UNUSED_VARIABLE = YES;
				IPHONEOS_DEPLOYMENT_TARGET = 10.3;
				MTL_ENABLE_DEBUG_INFO = NO;
				SDKROOT = iphoneos;
				SWIFT_OPTIMIZATION_LEVEL = "-Owholemodule";
				VALIDATE_PRODUCT = YES;
			};
			name = Release;
		};
		AD7427F020611DEF001D5954 /* Debug */ = {
			isa = XCBuildConfiguration;
			baseConfigurationReference = FF604314A828D708B3819CEF /* Pods-ShowerSong.debug.xcconfig */;
			buildSettings = {
				ASSETCATALOG_COMPILER_APPICON_NAME = AppIcon;
				CLANG_ENABLE_MODULES = YES;
				CODE_SIGN_STYLE = Automatic;
				DEVELOPMENT_TEAM = 48V7885PG3;
				FRAMEWORK_SEARCH_PATHS = (
					"$(inherited)",
					"$(PROJECT_DIR)/ShowerSong",
					"$(PROJECT_DIR)/ShowerSong/AudioKit-iOS",
				);
				INFOPLIST_FILE = ShowerSong/Info.plist;
				LD_RUNPATH_SEARCH_PATHS = "$(inherited) @executable_path/Frameworks";
				PRODUCT_BUNDLE_IDENTIFIER = menielle.ShowerSong;
				PRODUCT_NAME = "$(TARGET_NAME)";
				SWIFT_OBJC_BRIDGING_HEADER = "ShowerSong-Bridging-Header.h";
				SWIFT_OPTIMIZATION_LEVEL = "-Onone";
				SWIFT_VERSION = 3.0;
				TARGETED_DEVICE_FAMILY = "1,2";
			};
			name = Debug;
		};
		AD7427F120611DEF001D5954 /* Release */ = {
			isa = XCBuildConfiguration;
			baseConfigurationReference = 43E45FE5261249B2C2C35179 /* Pods-ShowerSong.release.xcconfig */;
			buildSettings = {
				ASSETCATALOG_COMPILER_APPICON_NAME = AppIcon;
				CLANG_ENABLE_MODULES = YES;
				CODE_SIGN_STYLE = Automatic;
				DEVELOPMENT_TEAM = 48V7885PG3;
				FRAMEWORK_SEARCH_PATHS = (
					"$(inherited)",
					"$(PROJECT_DIR)/ShowerSong",
					"$(PROJECT_DIR)/ShowerSong/AudioKit-iOS",
				);
				INFOPLIST_FILE = ShowerSong/Info.plist;
				LD_RUNPATH_SEARCH_PATHS = "$(inherited) @executable_path/Frameworks";
				PRODUCT_BUNDLE_IDENTIFIER = menielle.ShowerSong;
				PRODUCT_NAME = "$(TARGET_NAME)";
				SWIFT_OBJC_BRIDGING_HEADER = "ShowerSong-Bridging-Header.h";
				SWIFT_VERSION = 3.0;
				TARGETED_DEVICE_FAMILY = "1,2";
			};
			name = Release;
		};
/* End XCBuildConfiguration section */

/* Begin XCConfigurationList section */
		AD7427D820611DEF001D5954 /* Build configuration list for PBXProject "ShowerSong" */ = {
			isa = XCConfigurationList;
			buildConfigurations = (
				AD7427ED20611DEF001D5954 /* Debug */,
				AD7427EE20611DEF001D5954 /* Release */,
			);
			defaultConfigurationIsVisible = 0;
			defaultConfigurationName = Release;
		};
		AD7427EF20611DEF001D5954 /* Build configuration list for PBXNativeTarget "ShowerSong" */ = {
			isa = XCConfigurationList;
			buildConfigurations = (
				AD7427F020611DEF001D5954 /* Debug */,
				AD7427F120611DEF001D5954 /* Release */,
			);
			defaultConfigurationIsVisible = 0;
			defaultConfigurationName = Release;
		};
/* End XCConfigurationList section */
	};
	rootObject = AD7427D520611DEF001D5954 /* Project object */;
}
